{
  "name": "selectGFont-gh-pages",
  "version": "1.0.0",
  "lockfileVersion": 1,
  "requires": true,
  "dependencies": {
    "bootstrap": {
      "version": "4.3.1",
      "resolved": "https://registry.npmjs.org/bootstrap/-/bootstrap-4.3.1.tgz",
      "integrity": "sha512-rXqOmH1VilAt2DyPzluTi2blhk17bO7ef+zLLPlWvG494pDxcM234pJ8wTc/6R40UWizAIIMgxjvxZg5kmsbag=="
    },
    "jquery": {
      "version": "3.5.0",
      "resolved": "https://registry.npmjs.org/jquery/-/jquery-3.5.0.tgz",
      "integrity": "sha512-Xb7SVYMvygPxbFMpTFQiHh1J7HClEaThguL15N/Gg37Lri/qKyhRGZYzHRyLH8Stq3Aow0LsHO2O2ci86fCrNQ=="
    },
    "select2": {
      "version": "4.0.8",
      "resolved": "https://registry.npmjs.org/select2/-/select2-4.0.8.tgz",
      "integrity": "sha512-H/I2mq71oiEe51S74hdUv4QubH1EJNLEMnjfQucftLa8GiuT5+RKIHwlV/7I/YUqZg0wsYQM946eFG/ntRPF/Q=="
    },
    "select2-bootstrap-theme": {
      "version": "0.1.0-beta.10",
      "resolved": "https://registry.npmjs.org/select2-bootstrap-theme/-/select2-bootstrap-theme-0.1.0-beta.10.tgz",
      "integrity": "sha1-uUJuz8A79KI152oTI3dXQxBGmsA="
    },
    "selectGFont": {
      "version": "github:maPer77/Select2-Google-Fonts#bfc318a4a4993cc54fa0a84bbe22941075b7f145",
      "from": "github:maPer77/Select2-Google-Fonts",
      "requires": {
        "bootstrap": "^4.3.1",
        "jquery": "^3.4.1",
        "select2": "^4.0.8",
        "select2-bootstrap-theme": "0.1.0-beta.10",
        "webfontloader": "github:typekit/webfontloader"
      }
    },
    "webfontloader": {
      "version": "1.6.28",
      "resolved": "github:typekit/webfontloader#117e48d521d6408f78cbfe4d23923cc828fdf576"
    }
  }
}
